
Microsoft Visual Studio Solution File, Format Version 12.00
Project("{FAE04EC0-301F-11D3-BF4B-00C04F79EFBC}") = "ConfigGenerator", "ConfigGenerator.csproj", "{5E8060B3-2FBA-4382-9342-34899E54E321}"
EndProject
Global
	GlobalSection(SolutionConfigurationPlatforms) = preSolution
		Debug|Any CPU = Debug|Any CPU
		Release|Any CPU = Release|Any CPU
	EndGlobalSection
	GlobalSection(ProjectConfigurationPlatforms) = postSolution
		{5E8060B3-2FBA-4382-9342-34899E54E321}.Debug|Any CPU.ActiveCfg = Debug|Any CPU
		{5E8060B3-2FBA-4382-9342-34899E54E321}.Debug|Any CPU.Build.0 = Debug|Any CPU
		{5E8060B3-2FBA-4382-9342-34899E54E321}.Release|Any CPU.ActiveCfg = Release|Any CPU
		{5E8060B3-2FBA-4382-9342-34899E54E321}.Release|Any CPU.Build.0 = Release|Any CPU
	EndGlobalSection
EndGlobal
